
Microsoft Visual Studio Solution File, Format Version 12.00
# Visual Studio Version 16
VisualStudioVersion = 16.0.30114.105
MinimumVisualStudioVersion = 10.0.40219.1
Project("{FAE04EC0-301F-11D3-BF4B-00C04F79EFBC}") = "ShoppingCartService", "ShoppingCartService\ShoppingCartService.csproj", "{C2778385-7824-458F-B300-58E81C964FAB}"
EndProject
Global
	GlobalSection(SolutionConfigurationPlatforms) = preSolution
		Debug|Any CPU = Debug|Any CPU
		Release|Any CPU = Release|Any CPU
	EndGlobalSection
	GlobalSection(ProjectConfigurationPlatforms) = postSolution
		{C2778385-7824-458F-B300-58E81C964FAB}.Debug|Any CPU.ActiveCfg = Debug|Any CPU
		{C2778385-7824-458F-B300-58E81C964FAB}.Debug|Any CPU.Build.0 = Debug|Any CPU
		{C2778385-7824-458F-B300-58E81C964FAB}.Release|Any CPU.ActiveCfg = Release|Any CPU
		{C2778385-7824-458F-B300-58E81C964FAB}.Release|Any CPU.Build.0 = Release|Any CPU
	EndGlobalSection
	GlobalSection(SolutionProperties) = preSolution
		HideSolutionNode = FALSE
	EndGlobalSection
	GlobalSection(ExtensibilityGlobals) = postSolution
		SolutionGuid = {F61F014A-07E3-4417-BAB6-BA3B5EA99D01}
	EndGlobalSection
EndGlobal
